{
  "version": 4,
  "terraform_version": "1.6.4",
  "serial": 170,
  "lineage": "8b6f4029-fbb2-e340-44ac-a19d0efd5529",
  "outputs": {},
  "resources": [
    {
      "mode": "managed",
      "type": "aws_eip",
      "name": "nat",
      "provider": "provider[\"registry.terraform.io/hashicorp/aws\"]",
      "instances": [
        {
          "schema_version": 0,
          "attributes": {
            "address": null,
            "allocation_id": "eipalloc-0290bca43490640dd",
            "associate_with_private_ip": null,
            "association_id": "",
            "carrier_ip": "",
            "customer_owned_ip": "",
            "customer_owned_ipv4_pool": "",
            "domain": "vpc",
            "id": "eipalloc-0290bca43490640dd",
            "instance": "",
            "network_border_group": "us-east-1",
            "network_interface": "",
            "private_dns": null,
            "private_ip": "",
            "public_dns": "ec2-44-217-122-162.compute-1.amazonaws.com",
            "public_ip": "44.217.122.162",
            "public_ipv4_pool": "amazon",
            "tags": null,
            "tags_all": {},
            "timeouts": null,
            "vpc": true
          },
          "sensitive_attributes": [],
          "private": "eyJlMmJmYjczMC1lY2FhLTExZTYtOGY4OC0zNDM2M2JjN2M0YzAiOnsiZGVsZXRlIjoxODAwMDAwMDAwMDAsInJlYWQiOjkwMDAwMDAwMDAwMCwidXBkYXRlIjozMDAwMDAwMDAwMDB9fQ=="
        }
      ]
    },
    {
      "mode": "managed",
      "type": "aws_instance",
      "name": "private_instance",
      "provider": "provider[\"registry.terraform.io/hashicorp/aws\"]",
      "instances": [
        {
          "schema_version": 1,
          "attributes": {
            "ami": "ami-0230bd60aa48260c6",
            "arn": "arn:aws:ec2:us-east-1:277515016547:instance/i-09fa17c1437a14e07",
            "associate_public_ip_address": false,
            "availability_zone": "us-east-1a",
            "capacity_reservation_specification": [
              {
                "capacity_reservation_preference": "open",
                "capacity_reservation_target": []
              }
            ],
            "cpu_core_count": 1,
            "cpu_options": [
              {
                "amd_sev_snp": "",
                "core_count": 1,
                "threads_per_core": 1
              }
            ],
            "cpu_threads_per_core": 1,
            "credit_specification": [
              {
                "cpu_credits": "standard"
              }
            ],
            "disable_api_stop": false,
            "disable_api_termination": false,
            "ebs_block_device": [],
            "ebs_optimized": false,
            "enclave_options": [
              {
                "enabled": false
              }
            ],
            "ephemeral_block_device": [],
            "get_password_data": false,
            "hibernation": false,
            "host_id": "",
            "host_resource_group_arn": null,
            "iam_instance_profile": "",
            "id": "i-09fa17c1437a14e07",
            "instance_initiated_shutdown_behavior": "stop",
            "instance_lifecycle": "",
            "instance_market_options": [],
            "instance_state": "running",
            "instance_type": "t2.micro",
            "ipv6_address_count": 0,
            "ipv6_addresses": [],
            "key_name": "ec2-key",
            "launch_template": [],
            "maintenance_options": [
              {
                "auto_recovery": "default"
              }
            ],
            "metadata_options": [
              {
                "http_endpoint": "enabled",
                "http_protocol_ipv6": "disabled",
                "http_put_response_hop_limit": 2,
                "http_tokens": "required",
                "instance_metadata_tags": "disabled"
              }
            ],
            "monitoring": false,
            "network_interface": [],
            "outpost_arn": "",
            "password_data": "",
            "placement_group": "",
            "placement_partition_number": 0,
            "primary_network_interface_id": "eni-0d15d317de8977d47",
            "private_dns": "ip-10-0-2-172.ec2.internal",
            "private_dns_name_options": [
              {
                "enable_resource_name_dns_a_record": false,
                "enable_resource_name_dns_aaaa_record": false,
                "hostname_type": "ip-name"
              }
            ],
            "private_ip": "10.0.2.172",
            "public_dns": "",
            "public_ip": "",
            "root_block_device": [
              {
                "delete_on_termination": true,
                "device_name": "/dev/xvda",
                "encrypted": false,
                "iops": 3000,
                "kms_key_id": "",
                "tags": {},
                "throughput": 125,
                "volume_id": "vol-0a2c80360eda624ea",
                "volume_size": 8,
                "volume_type": "gp3"
              }
            ],
            "secondary_private_ips": [],
            "security_groups": [],
            "source_dest_check": true,
            "spot_instance_request_id": "",
            "subnet_id": "subnet-00030ae019dbbcd15",
            "tags": {
              "Name": "PrivateInstance"
            },
            "tags_all": {
              "Name": "PrivateInstance"
            },
            "tenancy": "default",
            "timeouts": null,
            "user_data": "702a2b1b256ea9b520f2dee123812db114acab1f",
            "user_data_base64": null,
            "user_data_replace_on_change": false,
            "volume_tags": null,
            "vpc_security_group_ids": [
              "sg-0db3fec38a4e399e4"
            ]
          },
          "sensitive_attributes": [],
          "private": "eyJlMmJmYjczMC1lY2FhLTExZTYtOGY4OC0zNDM2M2JjN2M0YzAiOnsiY3JlYXRlIjo2MDAwMDAwMDAwMDAsImRlbGV0ZSI6MTIwMDAwMDAwMDAwMCwidXBkYXRlIjo2MDAwMDAwMDAwMDB9LCJzY2hlbWFfdmVyc2lvbiI6IjEifQ==",
          "dependencies": [
            "aws_key_pair.ec2_key_pair",
            "aws_security_group.sg",
            "aws_subnet.private_subnet",
            "aws_vpc.main",
            "tls_private_key.ssh_key"
          ]
        }
      ]
    },
    {
      "mode": "managed",
      "type": "aws_instance",
      "name": "public_instance",
      "provider": "provider[\"registry.terraform.io/hashicorp/aws\"]",
      "instances": [
        {
          "schema_version": 1,
          "attributes": {
            "ami": "ami-0230bd60aa48260c6",
            "arn": "arn:aws:ec2:us-east-1:277515016547:instance/i-0a2429196a0f33e8d",
            "associate_public_ip_address": true,
            "availability_zone": "us-east-1a",
            "capacity_reservation_specification": [
              {
                "capacity_reservation_preference": "open",
                "capacity_reservation_target": []
              }
            ],
            "cpu_core_count": 1,
            "cpu_options": [
              {
                "amd_sev_snp": "",
                "core_count": 1,
                "threads_per_core": 1
              }
            ],
            "cpu_threads_per_core": 1,
            "credit_specification": [
              {
                "cpu_credits": "standard"
              }
            ],
            "disable_api_stop": false,
            "disable_api_termination": false,
            "ebs_block_device": [],
            "ebs_optimized": false,
            "enclave_options": [
              {
                "enabled": false
              }
            ],
            "ephemeral_block_device": [],
            "get_password_data": false,
            "hibernation": false,
            "host_id": "",
            "host_resource_group_arn": null,
            "iam_instance_profile": "",
            "id": "i-0a2429196a0f33e8d",
            "instance_initiated_shutdown_behavior": "stop",
            "instance_lifecycle": "",
            "instance_market_options": [],
            "instance_state": "running",
            "instance_type": "t2.micro",
            "ipv6_address_count": 0,
            "ipv6_addresses": [],
            "key_name": "ec2-key",
            "launch_template": [],
            "maintenance_options": [
              {
                "auto_recovery": "default"
              }
            ],
            "metadata_options": [
              {
                "http_endpoint": "enabled",
                "http_protocol_ipv6": "disabled",
                "http_put_response_hop_limit": 2,
                "http_tokens": "required",
                "instance_metadata_tags": "disabled"
              }
            ],
            "monitoring": false,
            "network_interface": [],
            "outpost_arn": "",
            "password_data": "",
            "placement_group": "",
            "placement_partition_number": 0,
            "primary_network_interface_id": "eni-0bd84c335837cba3d",
            "private_dns": "ip-10-0-1-206.ec2.internal",
            "private_dns_name_options": [
              {
                "enable_resource_name_dns_a_record": false,
                "enable_resource_name_dns_aaaa_record": false,
                "hostname_type": "ip-name"
              }
            ],
            "private_ip": "10.0.1.206",
            "public_dns": "",
            "public_ip": "44.211.49.131",
            "root_block_device": [
              {
                "delete_on_termination": true,
                "device_name": "/dev/xvda",
                "encrypted": false,
                "iops": 3000,
                "kms_key_id": "",
                "tags": {},
                "throughput": 125,
                "volume_id": "vol-084e0d2d4b02ed629",
                "volume_size": 8,
                "volume_type": "gp3"
              }
            ],
            "secondary_private_ips": [],
            "security_groups": [],
            "source_dest_check": true,
            "spot_instance_request_id": "",
            "subnet_id": "subnet-0100af35e4a94cefd",
            "tags": {
              "Name": "PublicInstance"
            },
            "tags_all": {
              "Name": "PublicInstance"
            },
            "tenancy": "default",
            "timeouts": null,
            "user_data": null,
            "user_data_base64": null,
            "user_data_replace_on_change": false,
            "volume_tags": null,
            "vpc_security_group_ids": [
              "sg-0db3fec38a4e399e4"
            ]
          },
          "sensitive_attributes": [],
          "private": "eyJlMmJmYjczMC1lY2FhLTExZTYtOGY4OC0zNDM2M2JjN2M0YzAiOnsiY3JlYXRlIjo2MDAwMDAwMDAwMDAsImRlbGV0ZSI6MTIwMDAwMDAwMDAwMCwidXBkYXRlIjo2MDAwMDAwMDAwMDB9LCJzY2hlbWFfdmVyc2lvbiI6IjEifQ==",
          "dependencies": [
            "aws_key_pair.ec2_key_pair",
            "aws_security_group.sg",
            "aws_subnet.public_subnet",
            "aws_vpc.main",
            "tls_private_key.ssh_key"
          ]
        }
      ]
    },
    {
      "mode": "managed",
      "type": "aws_internet_gateway",
      "name": "gw",
      "provider": "provider[\"registry.terraform.io/hashicorp/aws\"]",
      "instances": [
        {
          "schema_version": 0,
          "attributes": {
            "arn": "arn:aws:ec2:us-east-1:277515016547:internet-gateway/igw-0b1f54eed2a907da3",
            "id": "igw-0b1f54eed2a907da3",
            "owner_id": "277515016547",
            "tags": null,
            "tags_all": {},
            "timeouts": null,
            "vpc_id": "vpc-0d463075d7ead9aee"
          },
          "sensitive_attributes": [],
          "private": "eyJlMmJmYjczMC1lY2FhLTExZTYtOGY4OC0zNDM2M2JjN2M0YzAiOnsiY3JlYXRlIjoxMjAwMDAwMDAwMDAwLCJkZWxldGUiOjEyMDAwMDAwMDAwMDAsInVwZGF0ZSI6MTIwMDAwMDAwMDAwMH19",
          "dependencies": [
            "aws_vpc.main"
          ]
        }
      ]
    },
    {
      "mode": "managed",
      "type": "aws_key_pair",
      "name": "ec2_key_pair",
      "provider": "provider[\"registry.terraform.io/hashicorp/aws\"]",
      "instances": [
        {
          "schema_version": 1,
          "attributes": {
            "arn": "arn:aws:ec2:us-east-1:277515016547:key-pair/ec2-key",
            "fingerprint": "73:d9:94:8e:4f:1d:b7:8d:03:d8:41:f6:74:85:99:b4",
            "id": "ec2-key",
            "key_name": "ec2-key",
            "key_name_prefix": "",
            "key_pair_id": "key-05d2335befce006e1",
            "key_type": "rsa",
            "public_key": "ssh-rsa AAAAB3NzaC1yc2EAAAADAQABAAABAQDDU7MOmA92Qy319a0FloPJiCVrn2FwS3wTroT5EfnwuKZFc3LLK4ucDFZYaajZVEwVecemd5nQrfrZbvZxRn2YLNT+qSmGpMrw+lBDklih7qOMCBRTpiZRtq2+feZQ4uww/+6Sctbdy7ASr3MSFBkt0QMNnxXtQe49NIw2HcHr3t6FlZ0n0bB64PSap6yBIMR80iC7xkkOoW1l1gnqUv6+vSAYaYMF8XGEjeXNo7lM9A+d4SSWcuBnl6bfrk8MKWRco0RMLMlutAhyykU7RNcdwVdDpc7TrTiyECcm8sJR8b6//GzU40hNrU8DbXB/lTMSVoy/juzF5ZWiNCyBCZij",
            "tags": null,
            "tags_all": {}
          },
          "sensitive_attributes": [],
          "private": "eyJzY2hlbWFfdmVyc2lvbiI6IjEifQ==",
          "dependencies": [
            "tls_private_key.ssh_key"
          ]
        }
      ]
    },
    {
      "mode": "managed",
      "type": "aws_nat_gateway",
      "name": "nat",
      "provider": "provider[\"registry.terraform.io/hashicorp/aws\"]",
      "instances": [
        {
          "schema_version": 0,
          "attributes": {
            "allocation_id": "eipalloc-0290bca43490640dd",
            "association_id": "eipassoc-05d0c33c33265679f",
            "connectivity_type": "public",
            "id": "nat-09cb4aac39f50c194",
            "network_interface_id": "eni-0a5e3a11b25ef7346",
            "private_ip": "10.0.1.25",
            "public_ip": "44.217.122.162",
            "secondary_allocation_ids": null,
            "secondary_private_ip_address_count": 0,
            "secondary_private_ip_addresses": [],
            "subnet_id": "subnet-0100af35e4a94cefd",
            "tags": null,
            "tags_all": {},
            "timeouts": null
          },
          "sensitive_attributes": [],
          "private": "eyJlMmJmYjczMC1lY2FhLTExZTYtOGY4OC0zNDM2M2JjN2M0YzAiOnsiY3JlYXRlIjo2MDAwMDAwMDAwMDAsImRlbGV0ZSI6MTgwMDAwMDAwMDAwMCwidXBkYXRlIjo2MDAwMDAwMDAwMDB9fQ==",
          "dependencies": [
            "aws_eip.nat",
            "aws_subnet.public_subnet",
            "aws_vpc.main"
          ]
        }
      ]
    },
    {
      "mode": "managed",
      "type": "aws_route_table",
      "name": "private",
      "provider": "provider[\"registry.terraform.io/hashicorp/aws\"]",
      "instances": [
        {
          "schema_version": 0,
          "attributes": {
            "arn": "arn:aws:ec2:us-east-1:277515016547:route-table/rtb-0c273601949916c38",
            "id": "rtb-0c273601949916c38",
            "owner_id": "277515016547",
            "propagating_vgws": [],
            "route": [
              {
                "carrier_gateway_id": "",
                "cidr_block": "0.0.0.0/0",
                "core_network_arn": "",
                "destination_prefix_list_id": "",
                "egress_only_gateway_id": "",
                "gateway_id": "",
                "ipv6_cidr_block": "",
                "local_gateway_id": "",
                "nat_gateway_id": "nat-09cb4aac39f50c194",
                "network_interface_id": "",
                "transit_gateway_id": "",
                "vpc_endpoint_id": "",
                "vpc_peering_connection_id": ""
              }
            ],
            "tags": null,
            "tags_all": {},
            "timeouts": null,
            "vpc_id": "vpc-0d463075d7ead9aee"
          },
          "sensitive_attributes": [],
          "private": "eyJlMmJmYjczMC1lY2FhLTExZTYtOGY4OC0zNDM2M2JjN2M0YzAiOnsiY3JlYXRlIjozMDAwMDAwMDAwMDAsImRlbGV0ZSI6MzAwMDAwMDAwMDAwLCJ1cGRhdGUiOjEyMDAwMDAwMDAwMH19",
          "dependencies": [
            "aws_eip.nat",
            "aws_nat_gateway.nat",
            "aws_subnet.public_subnet",
            "aws_vpc.main"
          ]
        }
      ]
    },
    {
      "mode": "managed",
      "type": "aws_route_table",
      "name": "public",
      "provider": "provider[\"registry.terraform.io/hashicorp/aws\"]",
      "instances": [
        {
          "schema_version": 0,
          "attributes": {
            "arn": "arn:aws:ec2:us-east-1:277515016547:route-table/rtb-03ace220bfcfea157",
            "id": "rtb-03ace220bfcfea157",
            "owner_id": "277515016547",
            "propagating_vgws": [],
            "route": [
              {
                "carrier_gateway_id": "",
                "cidr_block": "0.0.0.0/0",
                "core_network_arn": "",
                "destination_prefix_list_id": "",
                "egress_only_gateway_id": "",
                "gateway_id": "igw-0b1f54eed2a907da3",
                "ipv6_cidr_block": "",
                "local_gateway_id": "",
                "nat_gateway_id": "",
                "network_interface_id": "",
                "transit_gateway_id": "",
                "vpc_endpoint_id": "",
                "vpc_peering_connection_id": ""
              }
            ],
            "tags": null,
            "tags_all": {},
            "timeouts": null,
            "vpc_id": "vpc-0d463075d7ead9aee"
          },
          "sensitive_attributes": [],
          "private": "eyJlMmJmYjczMC1lY2FhLTExZTYtOGY4OC0zNDM2M2JjN2M0YzAiOnsiY3JlYXRlIjozMDAwMDAwMDAwMDAsImRlbGV0ZSI6MzAwMDAwMDAwMDAwLCJ1cGRhdGUiOjEyMDAwMDAwMDAwMH19",
          "dependencies": [
            "aws_internet_gateway.gw",
            "aws_vpc.main"
          ]
        }
      ]
    },
    {
      "mode": "managed",
      "type": "aws_route_table_association",
      "name": "private",
      "provider": "provider[\"registry.terraform.io/hashicorp/aws\"]",
      "instances": [
        {
          "schema_version": 0,
          "attributes": {
            "gateway_id": "",
            "id": "rtbassoc-09c1f2d036fa1196f",
            "route_table_id": "rtb-0c273601949916c38",
            "subnet_id": "subnet-00030ae019dbbcd15",
            "timeouts": null
          },
          "sensitive_attributes": [],
          "private": "eyJlMmJmYjczMC1lY2FhLTExZTYtOGY4OC0zNDM2M2JjN2M0YzAiOnsiY3JlYXRlIjozMDAwMDAwMDAwMDAsImRlbGV0ZSI6MzAwMDAwMDAwMDAwLCJ1cGRhdGUiOjEyMDAwMDAwMDAwMH19",
          "dependencies": [
            "aws_eip.nat",
            "aws_nat_gateway.nat",
            "aws_route_table.private",
            "aws_subnet.private_subnet",
            "aws_subnet.public_subnet",
            "aws_vpc.main"
          ]
        }
      ]
    },
    {
      "mode": "managed",
      "type": "aws_route_table_association",
      "name": "public",
      "provider": "provider[\"registry.terraform.io/hashicorp/aws\"]",
      "instances": [
        {
          "schema_version": 0,
          "attributes": {
            "gateway_id": "",
            "id": "rtbassoc-0d9e5603eff43ffb9",
            "route_table_id": "rtb-03ace220bfcfea157",
            "subnet_id": "subnet-0100af35e4a94cefd",
            "timeouts": null
          },
          "sensitive_attributes": [],
          "private": "eyJlMmJmYjczMC1lY2FhLTExZTYtOGY4OC0zNDM2M2JjN2M0YzAiOnsiY3JlYXRlIjozMDAwMDAwMDAwMDAsImRlbGV0ZSI6MzAwMDAwMDAwMDAwLCJ1cGRhdGUiOjEyMDAwMDAwMDAwMH19",
          "dependencies": [
            "aws_internet_gateway.gw",
            "aws_route_table.public",
            "aws_subnet.public_subnet",
            "aws_vpc.main"
          ]
        }
      ]
    },
    {
      "mode": "managed",
      "type": "aws_security_group",
      "name": "sg",
      "provider": "provider[\"registry.terraform.io/hashicorp/aws\"]",
      "instances": [
        {
          "schema_version": 1,
          "attributes": {
            "arn": "arn:aws:ec2:us-east-1:277515016547:security-group/sg-0db3fec38a4e399e4",
            "description": "Managed by Terraform",
            "egress": [
              {
                "cidr_blocks": [
                  "0.0.0.0/0"
                ],
                "description": "",
                "from_port": 0,
                "ipv6_cidr_blocks": [],
                "prefix_list_ids": [],
                "protocol": "-1",
                "security_groups": [],
                "self": false,
                "to_port": 0
              }
            ],
            "id": "sg-0db3fec38a4e399e4",
            "ingress": [
              {
                "cidr_blocks": [
                  "0.0.0.0/0"
                ],
                "description": "",
                "from_port": 22,
                "ipv6_cidr_blocks": [],
                "prefix_list_ids": [],
                "protocol": "tcp",
                "security_groups": [],
                "self": false,
                "to_port": 22
              },
              {
                "cidr_blocks": [
                  "0.0.0.0/0"
                ],
                "description": "",
                "from_port": 80,
                "ipv6_cidr_blocks": [],
                "prefix_list_ids": [],
                "protocol": "tcp",
                "security_groups": [],
                "self": false,
                "to_port": 80
              },
              {
                "cidr_blocks": [
                  "10.0.2.0/24"
                ],
                "description": "",
                "from_port": 80,
                "ipv6_cidr_blocks": [],
                "prefix_list_ids": [],
                "protocol": "tcp",
                "security_groups": [],
                "self": false,
                "to_port": 80
              }
            ],
            "name": "terraform-20231201081113568600000001",
            "name_prefix": "terraform-",
            "owner_id": "277515016547",
            "revoke_rules_on_delete": false,
            "tags": null,
            "tags_all": {},
            "timeouts": null,
            "vpc_id": "vpc-0d463075d7ead9aee"
          },
          "sensitive_attributes": [],
          "private": "eyJlMmJmYjczMC1lY2FhLTExZTYtOGY4OC0zNDM2M2JjN2M0YzAiOnsiY3JlYXRlIjo2MDAwMDAwMDAwMDAsImRlbGV0ZSI6OTAwMDAwMDAwMDAwfSwic2NoZW1hX3ZlcnNpb24iOiIxIn0=",
          "dependencies": [
            "aws_vpc.main"
          ]
        }
      ]
    },
    {
      "mode": "managed",
      "type": "aws_subnet",
      "name": "private_subnet",
      "provider": "provider[\"registry.terraform.io/hashicorp/aws\"]",
      "instances": [
        {
          "schema_version": 1,
          "attributes": {
            "arn": "arn:aws:ec2:us-east-1:277515016547:subnet/subnet-00030ae019dbbcd15",
            "assign_ipv6_address_on_creation": false,
            "availability_zone": "us-east-1a",
            "availability_zone_id": "use1-az1",
            "cidr_block": "10.0.2.0/24",
            "customer_owned_ipv4_pool": "",
            "enable_dns64": false,
            "enable_lni_at_device_index": 0,
            "enable_resource_name_dns_a_record_on_launch": false,
            "enable_resource_name_dns_aaaa_record_on_launch": false,
            "id": "subnet-00030ae019dbbcd15",
            "ipv6_cidr_block": "",
            "ipv6_cidr_block_association_id": "",
            "ipv6_native": false,
            "map_customer_owned_ip_on_launch": false,
            "map_public_ip_on_launch": false,
            "outpost_arn": "",
            "owner_id": "277515016547",
            "private_dns_hostname_type_on_launch": "ip-name",
            "tags": null,
            "tags_all": {},
            "timeouts": null,
            "vpc_id": "vpc-0d463075d7ead9aee"
          },
          "sensitive_attributes": [],
          "private": "eyJlMmJmYjczMC1lY2FhLTExZTYtOGY4OC0zNDM2M2JjN2M0YzAiOnsiY3JlYXRlIjo2MDAwMDAwMDAwMDAsImRlbGV0ZSI6MTIwMDAwMDAwMDAwMH0sInNjaGVtYV92ZXJzaW9uIjoiMSJ9",
          "dependencies": [
            "aws_vpc.main"
          ]
        }
      ]
    },
    {
      "mode": "managed",
      "type": "aws_subnet",
      "name": "public_subnet",
      "provider": "provider[\"registry.terraform.io/hashicorp/aws\"]",
      "instances": [
        {
          "schema_version": 1,
          "attributes": {
            "arn": "arn:aws:ec2:us-east-1:277515016547:subnet/subnet-0100af35e4a94cefd",
            "assign_ipv6_address_on_creation": false,
            "availability_zone": "us-east-1a",
            "availability_zone_id": "use1-az1",
            "cidr_block": "10.0.1.0/24",
            "customer_owned_ipv4_pool": "",
            "enable_dns64": false,
            "enable_lni_at_device_index": 0,
            "enable_resource_name_dns_a_record_on_launch": false,
            "enable_resource_name_dns_aaaa_record_on_launch": false,
            "id": "subnet-0100af35e4a94cefd",
            "ipv6_cidr_block": "",
            "ipv6_cidr_block_association_id": "",
            "ipv6_native": false,
            "map_customer_owned_ip_on_launch": false,
            "map_public_ip_on_launch": true,
            "outpost_arn": "",
            "owner_id": "277515016547",
            "private_dns_hostname_type_on_launch": "ip-name",
            "tags": null,
            "tags_all": {},
            "timeouts": null,
            "vpc_id": "vpc-0d463075d7ead9aee"
          },
          "sensitive_attributes": [],
          "private": "eyJlMmJmYjczMC1lY2FhLTExZTYtOGY4OC0zNDM2M2JjN2M0YzAiOnsiY3JlYXRlIjo2MDAwMDAwMDAwMDAsImRlbGV0ZSI6MTIwMDAwMDAwMDAwMH0sInNjaGVtYV92ZXJzaW9uIjoiMSJ9",
          "dependencies": [
            "aws_vpc.main"
          ]
        }
      ]
    },
    {
      "mode": "managed",
      "type": "aws_vpc",
      "name": "main",
      "provider": "provider[\"registry.terraform.io/hashicorp/aws\"]",
      "instances": [
        {
          "schema_version": 1,
          "attributes": {
            "arn": "arn:aws:ec2:us-east-1:277515016547:vpc/vpc-0d463075d7ead9aee",
            "assign_generated_ipv6_cidr_block": false,
            "cidr_block": "10.0.0.0/16",
            "default_network_acl_id": "acl-0edd241761c2c1b87",
            "default_route_table_id": "rtb-065db3d778af184d8",
            "default_security_group_id": "sg-046e344db90388b66",
            "dhcp_options_id": "dopt-068047ddec7015852",
            "enable_dns_hostnames": false,
            "enable_dns_support": true,
            "enable_network_address_usage_metrics": false,
            "id": "vpc-0d463075d7ead9aee",
            "instance_tenancy": "default",
            "ipv4_ipam_pool_id": null,
            "ipv4_netmask_length": null,
            "ipv6_association_id": "",
            "ipv6_cidr_block": "",
            "ipv6_cidr_block_network_border_group": "",
            "ipv6_ipam_pool_id": "",
            "ipv6_netmask_length": 0,
            "main_route_table_id": "rtb-065db3d778af184d8",
            "owner_id": "277515016547",
            "tags": null,
            "tags_all": {}
          },
          "sensitive_attributes": [],
          "private": "eyJzY2hlbWFfdmVyc2lvbiI6IjEifQ=="
        }
      ]
    },
    {
      "mode": "managed",
      "type": "local_file",
      "name": "private_key",
      "provider": "provider[\"registry.terraform.io/hashicorp/local\"]",
      "instances": [
        {
          "schema_version": 0,
          "attributes": {
            "content": "-----BEGIN RSA PRIVATE KEY-----\nMIIEpAIBAAKCAQEAw1OzDpgPdkMt9fWtBZaDyYgla59hcEt8E66E+RH58LimRXNy\nyyuLnAxWWGmo2VRMFXnHpneZ0K362W72cUZ9mCzU/qkphqTK8PpQQ5JYoe6jjAgU\nU6YmUbatvn3mUOLsMP/uknLW3cuwEq9zEhQZLdEDDZ8V7UHuPTSMNh3B697ehZWd\nJ9GweuD0mqesgSDEfNIgu8ZJDqFtZdYJ6lL+vr0gGGmDBfFxhI3lzaO5TPQPneEk\nlnLgZ5em365PDClkXKNETCzJbrQIcspFO0TXHcFXQ6XO0604shAnJvLCUfG+v/xs\n1ONITa1PA21wf5UzElaMv47sxeWVojQsgQmYowIDAQABAoIBAFzT6GLlLWP85Vjh\nGwtuzs72XyJYqowds6f+5r8gJfKbLpoPFd0sorrUuixmepJel5IVQCcC7Bzasj6n\nl4OaBpJNrCQi7NNKehAwRfj3EhxTN3KTXGWsrsVi1guT9eM3FRzsZMtAvJDH/rPC\noiNTXewCSzssAdWx4bFAyenmFoUrnx92sRQcafG5550ilo/YLNnYuN95A0M08nRw\nBbzjzHEiPyvUgVgLd8OReLi0c+gs8T7bIhO1a5FzNA/JXE6lb5pv4icFilSCi5AS\nMHSEQlPOQrsrxuJyuZ+BrY9qoa8Rdxbto2AT5WS9EyXIDF9mncC4GQsOd+vd8xB8\nkPaS5nECgYEA02RbVK/KHdI/vaIpa0kr/8ITiRnE49Uy/7N9pGYmIQUlHDaHihC6\nefRSc/hznRyatJVgVV50H7fISKNuqYZQMI3MNLqmFAS+By0aeZwAF9tblPgkvjZa\nPcOc6jOj1+X0fz5JT4WqdMfWdNsF2zy7GtWohkE/IN5DyXYX59Kr86cCgYEA7It9\nLyWLWFl2UKwZ0RYrJFpvAbGbUkj/QZz0Ycsth3aiH1nORO7c2gO4bP+S3mxouwU+\nxHoyrAyNBobV9hr3UOfQkAvEV7qzYNeABSsS6hkddQVwLpBj3LcXH4yMXvmIlM3J\n2MMrkIekx+Mr4FuRT5/fRxaJxI3P3hp1UkAHwqUCgYEAvCllPkFnGBpQkFxqn8u2\n9WXr+6pLXj0kswQyvwYJxHSO7sj+5n8zbWBzkDTDvEJ81mbsI7D6jk0JYtbOpuke\nMcnVzc2iDMmX2E1mdn7Mem/P2g7yrbk1pCqdXr5uhbtzYVuw567j5iUHGGbolJg/\nN4idBDvJlFkjX4zVhI06b5sCgYAYlUqWSsWXkfyc17X7J92l8owU1ft5asK0c/Zl\n73K04Fxq+69XNKfZNIfHNCx0VznvLdVfIAACJ2/EnODBqf3H97+SKNbn8yxPRTY1\n00ss7x1DmyQUgscOGi0aB0ZTXIWYSWbP00DEzYQPjglyULHiX5AZ2DrLJZ3TzFYj\nDSqBTQKBgQC8iWY48861iIEwYWy1WqUsAQ8hH7d1N4/Ez2/lad8pQiBfXyKfyxgb\nq37R3h4/j54nREKY8bjEWtbiZpiIQQ/RiISTje7z/TvkG2TevEoprJnvA6ZbGBpn\n8Oa8goKoFRaBrjjbS8rdSj6SmC6iyeAq0rw67qqVJQxe+WugseOgZA==\n-----END RSA PRIVATE KEY-----\n",
            "content_base64": null,
            "content_base64sha256": "NaOUXca1bHYOs+wI+0bGPKVwMlLtX5hkNvdtTDiynFo=",
            "content_base64sha512": "/txchE3xY9BVLJePDpuHnhXadO9jFQoegPoTUWZ+5hAOsi5qsdFTDjgziBcrq0tFdU4CQZ5iEIyJkv+2OBHb4Q==",
            "content_md5": "41b165c4fd45abfd9315cafef8d92aff",
            "content_sha1": "d12ab5f7b8e97ba71405063610e121f51e9f0233",
            "content_sha256": "35a3945dc6b56c760eb3ec08fb46c63ca5703252ed5f986436f76d4c38b29c5a",
            "content_sha512": "fedc5c844df163d0552c978f0e9b879e15da74ef63150a1e80fa1351667ee6100eb22e6ab1d1530e383388172bab4b45754e02419e62108c8992ffb63811dbe1",
            "directory_permission": "0777",
            "file_permission": "0777",
            "filename": "./private_key.pem",
            "id": "d12ab5f7b8e97ba71405063610e121f51e9f0233",
            "sensitive_content": null,
            "source": null
          },
          "sensitive_attributes": [
            [
              {
                "type": "get_attr",
                "value": "content"
              }
            ]
          ],
          "dependencies": [
            "tls_private_key.ssh_key"
          ]
        }
      ]
    },
    {
      "mode": "managed",
      "type": "tls_private_key",
      "name": "ssh_key",
      "provider": "provider[\"registry.terraform.io/hashicorp/tls\"]",
      "instances": [
        {
          "schema_version": 1,
          "attributes": {
            "algorithm": "RSA",
            "ecdsa_curve": "P224",
            "id": "e7872452e786960f7012e7edeae1a71087fccfb9",
            "private_key_openssh": "-----BEGIN OPENSSH PRIVATE KEY-----\nb3BlbnNzaC1rZXktdjEAAAAABG5vbmUAAAAEbm9uZQAAAAAAAAABAAABFwAAAAdz\nc2gtcnNhAAAAAwEAAQAAAQEAw1OzDpgPdkMt9fWtBZaDyYgla59hcEt8E66E+RH5\n8LimRXNyyyuLnAxWWGmo2VRMFXnHpneZ0K362W72cUZ9mCzU/qkphqTK8PpQQ5JY\noe6jjAgUU6YmUbatvn3mUOLsMP/uknLW3cuwEq9zEhQZLdEDDZ8V7UHuPTSMNh3B\n697ehZWdJ9GweuD0mqesgSDEfNIgu8ZJDqFtZdYJ6lL+vr0gGGmDBfFxhI3lzaO5\nTPQPneEklnLgZ5em365PDClkXKNETCzJbrQIcspFO0TXHcFXQ6XO0604shAnJvLC\nUfG+v/xs1ONITa1PA21wf5UzElaMv47sxeWVojQsgQmYowAAA7jl/5715f+e9QAA\nAAdzc2gtcnNhAAABAQDDU7MOmA92Qy319a0FloPJiCVrn2FwS3wTroT5EfnwuKZF\nc3LLK4ucDFZYaajZVEwVecemd5nQrfrZbvZxRn2YLNT+qSmGpMrw+lBDklih7qOM\nCBRTpiZRtq2+feZQ4uww/+6Sctbdy7ASr3MSFBkt0QMNnxXtQe49NIw2HcHr3t6F\nlZ0n0bB64PSap6yBIMR80iC7xkkOoW1l1gnqUv6+vSAYaYMF8XGEjeXNo7lM9A+d\n4SSWcuBnl6bfrk8MKWRco0RMLMlutAhyykU7RNcdwVdDpc7TrTiyECcm8sJR8b6/\n/GzU40hNrU8DbXB/lTMSVoy/juzF5ZWiNCyBCZijAAAAAwEAAQAAAQBc0+hi5S1j\n/OVY4RsLbs7O9l8iWKqMHbOn/ua/ICXymy6aDxXdLKK61LosZnqSXpeSFUAnAuwc\n2rI+p5eDmgaSTawkIuzTSnoQMEX49xIcUzdyk1xlrK7FYtYLk/XjNxUc7GTLQLyQ\nx/6zwqIjU13sAks7LAHVseGxQMnp5haFK58fdrEUHGnxueedIpaP2CzZ2LjfeQND\nNPJ0cAW848xxIj8r1IFYC3fDkXi4tHPoLPE+2yITtWuRczQPyVxOpW+ab+InBYpU\ngouQEjB0hEJTzkK7K8bicrmfga2PaqGvEXcW7aNgE+VkvRMlyAxfZp3AuBkLDnfr\n3fMQfJD2kuZxAAAAgQC8iWY48861iIEwYWy1WqUsAQ8hH7d1N4/Ez2/lad8pQiBf\nXyKfyxgbq37R3h4/j54nREKY8bjEWtbiZpiIQQ/RiISTje7z/TvkG2TevEoprJnv\nA6ZbGBpn8Oa8goKoFRaBrjjbS8rdSj6SmC6iyeAq0rw67qqVJQxe+WugseOgZAAA\nAIEA02RbVK/KHdI/vaIpa0kr/8ITiRnE49Uy/7N9pGYmIQUlHDaHihC6efRSc/hz\nnRyatJVgVV50H7fISKNuqYZQMI3MNLqmFAS+By0aeZwAF9tblPgkvjZaPcOc6jOj\n1+X0fz5JT4WqdMfWdNsF2zy7GtWohkE/IN5DyXYX59Kr86cAAACBAOyLfS8li1hZ\ndlCsGdEWKyRabwGxm1JI/0Gc9GHLLYd2oh9ZzkTu3NoDuGz/kt5saLsFPsR6MqwM\njQaG1fYa91Dn0JALxFe6s2DXgAUrEuoZHXUFcC6QY9y3Fx+MjF75iJTNydjDK5CH\npMfjK+BbkU+f30cWicSNz94adVJAB8KlAAAAAAEC\n-----END OPENSSH PRIVATE KEY-----\n",
            "private_key_pem": "-----BEGIN RSA PRIVATE KEY-----\nMIIEpAIBAAKCAQEAw1OzDpgPdkMt9fWtBZaDyYgla59hcEt8E66E+RH58LimRXNy\nyyuLnAxWWGmo2VRMFXnHpneZ0K362W72cUZ9mCzU/qkphqTK8PpQQ5JYoe6jjAgU\nU6YmUbatvn3mUOLsMP/uknLW3cuwEq9zEhQZLdEDDZ8V7UHuPTSMNh3B697ehZWd\nJ9GweuD0mqesgSDEfNIgu8ZJDqFtZdYJ6lL+vr0gGGmDBfFxhI3lzaO5TPQPneEk\nlnLgZ5em365PDClkXKNETCzJbrQIcspFO0TXHcFXQ6XO0604shAnJvLCUfG+v/xs\n1ONITa1PA21wf5UzElaMv47sxeWVojQsgQmYowIDAQABAoIBAFzT6GLlLWP85Vjh\nGwtuzs72XyJYqowds6f+5r8gJfKbLpoPFd0sorrUuixmepJel5IVQCcC7Bzasj6n\nl4OaBpJNrCQi7NNKehAwRfj3EhxTN3KTXGWsrsVi1guT9eM3FRzsZMtAvJDH/rPC\noiNTXewCSzssAdWx4bFAyenmFoUrnx92sRQcafG5550ilo/YLNnYuN95A0M08nRw\nBbzjzHEiPyvUgVgLd8OReLi0c+gs8T7bIhO1a5FzNA/JXE6lb5pv4icFilSCi5AS\nMHSEQlPOQrsrxuJyuZ+BrY9qoa8Rdxbto2AT5WS9EyXIDF9mncC4GQsOd+vd8xB8\nkPaS5nECgYEA02RbVK/KHdI/vaIpa0kr/8ITiRnE49Uy/7N9pGYmIQUlHDaHihC6\nefRSc/hznRyatJVgVV50H7fISKNuqYZQMI3MNLqmFAS+By0aeZwAF9tblPgkvjZa\nPcOc6jOj1+X0fz5JT4WqdMfWdNsF2zy7GtWohkE/IN5DyXYX59Kr86cCgYEA7It9\nLyWLWFl2UKwZ0RYrJFpvAbGbUkj/QZz0Ycsth3aiH1nORO7c2gO4bP+S3mxouwU+\nxHoyrAyNBobV9hr3UOfQkAvEV7qzYNeABSsS6hkddQVwLpBj3LcXH4yMXvmIlM3J\n2MMrkIekx+Mr4FuRT5/fRxaJxI3P3hp1UkAHwqUCgYEAvCllPkFnGBpQkFxqn8u2\n9WXr+6pLXj0kswQyvwYJxHSO7sj+5n8zbWBzkDTDvEJ81mbsI7D6jk0JYtbOpuke\nMcnVzc2iDMmX2E1mdn7Mem/P2g7yrbk1pCqdXr5uhbtzYVuw567j5iUHGGbolJg/\nN4idBDvJlFkjX4zVhI06b5sCgYAYlUqWSsWXkfyc17X7J92l8owU1ft5asK0c/Zl\n73K04Fxq+69XNKfZNIfHNCx0VznvLdVfIAACJ2/EnODBqf3H97+SKNbn8yxPRTY1\n00ss7x1DmyQUgscOGi0aB0ZTXIWYSWbP00DEzYQPjglyULHiX5AZ2DrLJZ3TzFYj\nDSqBTQKBgQC8iWY48861iIEwYWy1WqUsAQ8hH7d1N4/Ez2/lad8pQiBfXyKfyxgb\nq37R3h4/j54nREKY8bjEWtbiZpiIQQ/RiISTje7z/TvkG2TevEoprJnvA6ZbGBpn\n8Oa8goKoFRaBrjjbS8rdSj6SmC6iyeAq0rw67qqVJQxe+WugseOgZA==\n-----END RSA PRIVATE KEY-----\n",
            "private_key_pem_pkcs8": "-----BEGIN PRIVATE KEY-----\nMIIEvgIBADANBgkqhkiG9w0BAQEFAASCBKgwggSkAgEAAoIBAQDDU7MOmA92Qy31\n9a0FloPJiCVrn2FwS3wTroT5EfnwuKZFc3LLK4ucDFZYaajZVEwVecemd5nQrfrZ\nbvZxRn2YLNT+qSmGpMrw+lBDklih7qOMCBRTpiZRtq2+feZQ4uww/+6Sctbdy7AS\nr3MSFBkt0QMNnxXtQe49NIw2HcHr3t6FlZ0n0bB64PSap6yBIMR80iC7xkkOoW1l\n1gnqUv6+vSAYaYMF8XGEjeXNo7lM9A+d4SSWcuBnl6bfrk8MKWRco0RMLMlutAhy\nykU7RNcdwVdDpc7TrTiyECcm8sJR8b6//GzU40hNrU8DbXB/lTMSVoy/juzF5ZWi\nNCyBCZijAgMBAAECggEAXNPoYuUtY/zlWOEbC27OzvZfIliqjB2zp/7mvyAl8psu\nmg8V3SyiutS6LGZ6kl6XkhVAJwLsHNqyPqeXg5oGkk2sJCLs00p6EDBF+PcSHFM3\ncpNcZayuxWLWC5P14zcVHOxky0C8kMf+s8KiI1Nd7AJLOywB1bHhsUDJ6eYWhSuf\nH3axFBxp8bnnnSKWj9gs2di433kDQzTydHAFvOPMcSI/K9SBWAt3w5F4uLRz6Czx\nPtsiE7VrkXM0D8lcTqVvmm/iJwWKVIKLkBIwdIRCU85CuyvG4nK5n4Gtj2qhrxF3\nFu2jYBPlZL0TJcgMX2adwLgZCw53693zEHyQ9pLmcQKBgQDTZFtUr8od0j+9oilr\nSSv/whOJGcTj1TL/s32kZiYhBSUcNoeKELp59FJz+HOdHJq0lWBVXnQft8hIo26p\nhlAwjcw0uqYUBL4HLRp5nAAX21uU+CS+Nlo9w5zqM6PX5fR/PklPhap0x9Z02wXb\nPLsa1aiGQT8g3kPJdhfn0qvzpwKBgQDsi30vJYtYWXZQrBnRFiskWm8BsZtSSP9B\nnPRhyy2HdqIfWc5E7tzaA7hs/5LebGi7BT7EejKsDI0GhtX2GvdQ59CQC8RXurNg\n14AFKxLqGR11BXAukGPctxcfjIxe+YiUzcnYwyuQh6TH4yvgW5FPn99HFonEjc/e\nGnVSQAfCpQKBgQC8KWU+QWcYGlCQXGqfy7b1Zev7qktePSSzBDK/BgnEdI7uyP7m\nfzNtYHOQNMO8QnzWZuwjsPqOTQli1s6m6R4xydXNzaIMyZfYTWZ2fsx6b8/aDvKt\nuTWkKp1evm6Fu3NhW7DnruPmJQcYZuiUmD83iJ0EO8mUWSNfjNWEjTpvmwKBgBiV\nSpZKxZeR/JzXtfsn3aXyjBTV+3lqwrRz9mXvcrTgXGr7r1c0p9k0h8c0LHRXOe8t\n1V8gAAInb8Sc4MGp/cf3v5Io1ufzLE9FNjXTSyzvHUObJBSCxw4aLRoHRlNchZhJ\nZs/TQMTNhA+OCXJQseJfkBnYOsslndPMViMNKoFNAoGBALyJZjjzzrWIgTBhbLVa\npSwBDyEft3U3j8TPb+Vp3ylCIF9fIp/LGBurftHeHj+PnidEQpjxuMRa1uJmmIhB\nD9GIhJON7vP9O+QbZN68Simsme8DplsYGmfw5ryCgqgVFoGuONtLyt1KPpKYLqLJ\n4CrSvDruqpUlDF75a6Cx46Bk\n-----END PRIVATE KEY-----\n",
            "public_key_fingerprint_md5": "d8:d5:1b:6c:46:45:11:56:4d:2d:05:5e:7a:d0:e6:f7",
            "public_key_fingerprint_sha256": "SHA256:G8xm7cYqtShfjCHf8hDOq1kC09qBghCY8u9nZru3Gm4",
            "public_key_openssh": "ssh-rsa AAAAB3NzaC1yc2EAAAADAQABAAABAQDDU7MOmA92Qy319a0FloPJiCVrn2FwS3wTroT5EfnwuKZFc3LLK4ucDFZYaajZVEwVecemd5nQrfrZbvZxRn2YLNT+qSmGpMrw+lBDklih7qOMCBRTpiZRtq2+feZQ4uww/+6Sctbdy7ASr3MSFBkt0QMNnxXtQe49NIw2HcHr3t6FlZ0n0bB64PSap6yBIMR80iC7xkkOoW1l1gnqUv6+vSAYaYMF8XGEjeXNo7lM9A+d4SSWcuBnl6bfrk8MKWRco0RMLMlutAhyykU7RNcdwVdDpc7TrTiyECcm8sJR8b6//GzU40hNrU8DbXB/lTMSVoy/juzF5ZWiNCyBCZij\n",
            "public_key_pem": "-----BEGIN PUBLIC KEY-----\nMIIBIjANBgkqhkiG9w0BAQEFAAOCAQ8AMIIBCgKCAQEAw1OzDpgPdkMt9fWtBZaD\nyYgla59hcEt8E66E+RH58LimRXNyyyuLnAxWWGmo2VRMFXnHpneZ0K362W72cUZ9\nmCzU/qkphqTK8PpQQ5JYoe6jjAgUU6YmUbatvn3mUOLsMP/uknLW3cuwEq9zEhQZ\nLdEDDZ8V7UHuPTSMNh3B697ehZWdJ9GweuD0mqesgSDEfNIgu8ZJDqFtZdYJ6lL+\nvr0gGGmDBfFxhI3lzaO5TPQPneEklnLgZ5em365PDClkXKNETCzJbrQIcspFO0TX\nHcFXQ6XO0604shAnJvLCUfG+v/xs1ONITa1PA21wf5UzElaMv47sxeWVojQsgQmY\nowIDAQAB\n-----END PUBLIC KEY-----\n",
            "rsa_bits": 2048
          },
          "sensitive_attributes": []
        }
      ]
    }
  ],
  "check_results": null
}
